// !$*UTF8*$!
{
	archiveVersion = 1;
	classes = {
	};
	objectVersion = 46;
	objects = {

/* Begin PBXBuildFile section */
		C9BE94670F6E9D222E3D5A3D /* Pods_fml.framework in Frameworks */ = {isa = PBXBuildFile; fileRef = 8E09029F9084EBCD98B6CA20 /* Pods_fml.framework */; };
		FC022C621BED563100DA652A /* Label.swift in Sources */ = {isa = PBXBuildFile; fileRef = FC022C611BED563100DA652A /* Label.swift */; };
		FC022C641BED582200DA652A /* GrayLabel.swift in Sources */ = {isa = PBXBuildFile; fileRef = FC022C631BED582200DA652A /* GrayLabel.swift */; };
		FC022C661BED589D00DA652A /* GenderLabel.swift in Sources */ = {isa = PBXBuildFile; fileRef = FC022C651BED589D00DA652A /* GenderLabel.swift */; };
		FC022C681BED592600DA652A /* ShareButton.swift in Sources */ = {isa = PBXBuildFile; fileRef = FC022C671BED592600DA652A /* ShareButton.swift */; };
		FC022C6A1BED5E2800DA652A /* TextView.swift in Sources */ = {isa = PBXBuildFile; fileRef = FC022C691BED5E2800DA652A /* TextView.swift */; };
		FC022C6C1BED63A500DA652A /* TextField.swift in Sources */ = {isa = PBXBuildFile; fileRef = FC022C6B1BED63A500DA652A /* TextField.swift */; };
		FC022C6E1BED63EB00DA652A /* SegmentedControl.swift in Sources */ = {isa = PBXBuildFile; fileRef = FC022C6D1BED63EB00DA652A /* SegmentedControl.swift */; };
		FC0369FF1BD27FF800F9AEAC /* AppDelegate.swift in Sources */ = {isa = PBXBuildFile; fileRef = FC0369FE1BD27FF800F9AEAC /* AppDelegate.swift */; };
		FC036A011BD27FF800F9AEAC /* ViewController.swift in Sources */ = {isa = PBXBuildFile; fileRef = FC036A001BD27FF800F9AEAC /* ViewController.swift */; };
		FC036A041BD27FF800F9AEAC /* Main.storyboard in Resources */ = {isa = PBXBuildFile; fileRef = FC036A021BD27FF800F9AEAC /* Main.storyboard */; };
		FC036A061BD27FF800F9AEAC /* Assets.xcassets in Resources */ = {isa = PBXBuildFile; fileRef = FC036A051BD27FF800F9AEAC /* Assets.xcassets */; };
		FC036A091BD27FF800F9AEAC /* LaunchScreen.storyboard in Resources */ = {isa = PBXBuildFile; fileRef = FC036A071BD27FF800F9AEAC /* LaunchScreen.storyboard */; };
		FC03CEE71BE66484004CCFB7 /* NSBundle+Lang.swift in Sources */ = {isa = PBXBuildFile; fileRef = FC03CEE61BE66484004CCFB7 /* NSBundle+Lang.swift */; };
		FC06B6981BEAB64C0016CB2D /* FontAwesomeLabel.swift in Sources */ = {isa = PBXBuildFile; fileRef = FC06B6971BEAB64C0016CB2D /* FontAwesomeLabel.swift */; };
		FC06B69A1BEABAA10016CB2D /* FontAwesomeButton.swift in Sources */ = {isa = PBXBuildFile; fileRef = FC06B6991BEABAA10016CB2D /* FontAwesomeButton.swift */; };
		FC06BCAF1BDCDC790001C973 /* NSDate+Compare.swift in Sources */ = {isa = PBXBuildFile; fileRef = FC06BCAE1BDCDC790001C973 /* NSDate+Compare.swift */; };
		FC06BCB11BDCDDC20001C973 /* Array+RemoveObjects.swift in Sources */ = {isa = PBXBuildFile; fileRef = FC06BCB01BDCDDC20001C973 /* Array+RemoveObjects.swift */; };
		FC06BCB41BDD02590001C973 /* Localizable.strings in Resources */ = {isa = PBXBuildFile; fileRef = FC06BCB61BDD02590001C973 /* Localizable.strings */; };
		FC06BCB81BDD07490001C973 /* PFConfig+Defaults.swift in Sources */ = {isa = PBXBuildFile; fileRef = FC06BCB71BDD07490001C973 /* PFConfig+Defaults.swift */; };
		FC0A1DEA1BE14EF9005F4F67 /* ShareTemplate.xib in Resources */ = {isa = PBXBuildFile; fileRef = FC0A1DE91BE14EF9005F4F67 /* ShareTemplate.xib */; };
		FC0A1DEC1BE151AD005F4F67 /* ShareTemplate.swift in Sources */ = {isa = PBXBuildFile; fileRef = FC0A1DEB1BE151AD005F4F67 /* ShareTemplate.swift */; };
		FC0B152A1BD8294000CD1D5F /* fontawesome-webfont.ttf in Resources */ = {isa = PBXBuildFile; fileRef = FC0B15291BD8294000CD1D5F /* fontawesome-webfont.ttf */; };
		FC0CEA461BD3B36E00E6DBAD /* SmartButton.swift in Sources */ = {isa = PBXBuildFile; fileRef = FC0CEA451BD3B36E00E6DBAD /* SmartButton.swift */; };
		FC0CEA491BD3B49700E6DBAD /* NewFMLModel.swift in Sources */ = {isa = PBXBuildFile; fileRef = FC0CEA481BD3B49700E6DBAD /* NewFMLModel.swift */; };
		FC0CEA4B1BD3B69B00E6DBAD /* AuthorViewController.swift in Sources */ = {isa = PBXBuildFile; fileRef = FC0CEA4A1BD3B69B00E6DBAD /* AuthorViewController.swift */; };
		FC0CEA4D1BD3B80700E6DBAD /* SelectCategoryViewController.swift in Sources */ = {isa = PBXBuildFile; fileRef = FC0CEA4C1BD3B80700E6DBAD /* SelectCategoryViewController.swift */; };
		FC0CEA4F1BD3BEFB00E6DBAD /* ConfirmPostViewController.swift in Sources */ = {isa = PBXBuildFile; fileRef = FC0CEA4E1BD3BEFB00E6DBAD /* ConfirmPostViewController.swift */; };
		FC0CEA511BD3BF9400E6DBAD /* String+Localized.swift in Sources */ = {isa = PBXBuildFile; fileRef = FC0CEA501BD3BF9400E6DBAD /* String+Localized.swift */; };
		FC0CEA531BD3BFAF00E6DBAD /* UIAlertController+SimpleAlert.swift in Sources */ = {isa = PBXBuildFile; fileRef = FC0CEA521BD3BFAF00E6DBAD /* UIAlertController+SimpleAlert.swift */; };
		FC0CEA551BD3BFBB00E6DBAD /* String+Replacing.swift in Sources */ = {isa = PBXBuildFile; fileRef = FC0CEA541BD3BFBB00E6DBAD /* String+Replacing.swift */; };
		FC0D54B81BE2A1CE00990527 /* VoteButton.swift in Sources */ = {isa = PBXBuildFile; fileRef = FC0D54B71BE2A1CE00990527 /* VoteButton.swift */; };
		FC0D54BA1BE2A85800990527 /* UIColor+Default.swift in Sources */ = {isa = PBXBuildFile; fileRef = FC0D54B91BE2A85800990527 /* UIColor+Default.swift */; };
		FC11BD5C1BD284BF0082F43C /* Constants.swift in Sources */ = {isa = PBXBuildFile; fileRef = FC11BD5B1BD284BF0082F43C /* Constants.swift */; };
		FC11BD5E1BD291170082F43C /* ComposeViewController.swift in Sources */ = {isa = PBXBuildFile; fileRef = FC11BD5D1BD291170082F43C /* ComposeViewController.swift */; };
		FC14C0301BE95578009ACDC0 /* NSProcessInfo+Version.swift in Sources */ = {isa = PBXBuildFile; fileRef = FC14C02F1BE95578009ACDC0 /* NSProcessInfo+Version.swift */; };
		FC1BB1E81BD3E88E00E24ED7 /* SelectCategoryCell.swift in Sources */ = {isa = PBXBuildFile; fileRef = FC1BB1E71BD3E88E00E24ED7 /* SelectCategoryCell.swift */; };
		FC1BB1EA1BD3F9F300E24ED7 /* PostCell.swift in Sources */ = {isa = PBXBuildFile; fileRef = FC1BB1E91BD3F9F300E24ED7 /* PostCell.swift */; };
		FC1BB1EC1BD402E500E24ED7 /* CommentsViewController.swift in Sources */ = {isa = PBXBuildFile; fileRef = FC1BB1EB1BD402E500E24ED7 /* CommentsViewController.swift */; };
		FC1BB1EE1BD40AB500E24ED7 /* CommentCell.swift in Sources */ = {isa = PBXBuildFile; fileRef = FC1BB1ED1BD40AB500E24ED7 /* CommentCell.swift */; };
		FC1BB1F01BD40B8300E24ED7 /* CommentTableHeaderView.swift in Sources */ = {isa = PBXBuildFile; fileRef = FC1BB1EF1BD40B8300E24ED7 /* CommentTableHeaderView.swift */; };
		FC1BB1F21BD411AA00E24ED7 /* WriteCommentViewController.swift in Sources */ = {isa = PBXBuildFile; fileRef = FC1BB1F11BD411AA00E24ED7 /* WriteCommentViewController.swift */; };
		FC5C1BBF1BD97DD600B4AAC0 /* DefaultsKeys.swift in Sources */ = {isa = PBXBuildFile; fileRef = FC5C1BBE1BD97DD600B4AAC0 /* DefaultsKeys.swift */; };
		FC5C1BC11BD98BCD00B4AAC0 /* NSObject+Delay.swift in Sources */ = {isa = PBXBuildFile; fileRef = FC5C1BC01BD98BCD00B4AAC0 /* NSObject+Delay.swift */; };
		FC78C9091BEC09E70055C89A /* InfoPlist.strings in Resources */ = {isa = PBXBuildFile; fileRef = FC78C9081BEC09E70055C89A /* InfoPlist.strings */; };
/* End PBXBuildFile section */

/* Begin PBXFileReference section */
		882A5778799BA35E2586D726 /* Pods-fml.debug.xcconfig */ = {isa = PBXFileReference; includeInIndex = 1; lastKnownFileType = text.xcconfig; name = "Pods-fml.debug.xcconfig"; path = "Pods/Target Support Files/Pods-fml/Pods-fml.debug.xcconfig"; sourceTree = "<group>"; };
		8E09029F9084EBCD98B6CA20 /* Pods_fml.framework */ = {isa = PBXFileReference; explicitFileType = wrapper.framework; includeInIndex = 0; path = Pods_fml.framework; sourceTree = BUILT_PRODUCTS_DIR; };
		9F174AFE68E9CFAC9B1E9F06 /* Pods-fml.release.xcconfig */ = {isa = PBXFileReference; includeInIndex = 1; lastKnownFileType = text.xcconfig; name = "Pods-fml.release.xcconfig"; path = "Pods/Target Support Files/Pods-fml/Pods-fml.release.xcconfig"; sourceTree = "<group>"; };
		FC022C611BED563100DA652A /* Label.swift */ = {isa = PBXFileReference; fileEncoding = 4; lastKnownFileType = sourcecode.swift; path = Label.swift; sourceTree = "<group>"; };
		FC022C631BED582200DA652A /* GrayLabel.swift */ = {isa = PBXFileReference; fileEncoding = 4; lastKnownFileType = sourcecode.swift; path = GrayLabel.swift; sourceTree = "<group>"; };
		FC022C651BED589D00DA652A /* GenderLabel.swift */ = {isa = PBXFileReference; fileEncoding = 4; lastKnownFileType = sourcecode.swift; path = GenderLabel.swift; sourceTree = "<group>"; };
		FC022C671BED592600DA652A /* ShareButton.swift */ = {isa = PBXFileReference; fileEncoding = 4; lastKnownFileType = sourcecode.swift; path = ShareButton.swift; sourceTree = "<group>"; };
		FC022C691BED5E2800DA652A /* TextView.swift */ = {isa = PBXFileReference; fileEncoding = 4; lastKnownFileType = sourcecode.swift; path = TextView.swift; sourceTree = "<group>"; };
		FC022C6B1BED63A500DA652A /* TextField.swift */ = {isa = PBXFileReference; fileEncoding = 4; lastKnownFileType = sourcecode.swift; path = TextField.swift; sourceTree = "<group>"; };
		FC022C6D1BED63EB00DA652A /* SegmentedControl.swift */ = {isa = PBXFileReference; fileEncoding = 4; lastKnownFileType = sourcecode.swift; path = SegmentedControl.swift; sourceTree = "<group>"; };
		FC0369FB1BD27FF800F9AEAC /* fml.app */ = {isa = PBXFileReference; explicitFileType = wrapper.application; includeInIndex = 0; path = fml.app; sourceTree = BUILT_PRODUCTS_DIR; };
		FC0369FE1BD27FF800F9AEAC /* AppDelegate.swift */ = {isa = PBXFileReference; lastKnownFileType = sourcecode.swift; path = AppDelegate.swift; sourceTree = "<group>"; };
		FC036A001BD27FF800F9AEAC /* ViewController.swift */ = {isa = PBXFileReference; lastKnownFileType = sourcecode.swift; path = ViewController.swift; sourceTree = "<group>"; };
		FC036A031BD27FF800F9AEAC /* Base */ = {isa = PBXFileReference; lastKnownFileType = file.storyboard; name = Base; path = Base.lproj/Main.storyboard; sourceTree = "<group>"; };
		FC036A051BD27FF800F9AEAC /* Assets.xcassets */ = {isa = PBXFileReference; lastKnownFileType = folder.assetcatalog; path = Assets.xcassets; sourceTree = "<group>"; };
		FC036A081BD27FF800F9AEAC /* Base */ = {isa = PBXFileReference; lastKnownFileType = file.storyboard; name = Base; path = Base.lproj/LaunchScreen.storyboard; sourceTree = "<group>"; };
		FC036A0A1BD27FF800F9AEAC /* Info.plist */ = {isa = PBXFileReference; lastKnownFileType = text.plist.xml; path = Info.plist; sourceTree = "<group>"; };
		FC036A101BD2809300F9AEAC /* Podfile */ = {isa = PBXFileReference; fileEncoding = 4; lastKnownFileType = text; path = Podfile; sourceTree = "<group>"; xcLanguageSpecificationIdentifier = xcode.lang.ruby; };
		FC03CEE61BE66484004CCFB7 /* NSBundle+Lang.swift */ = {isa = PBXFileReference; fileEncoding = 4; lastKnownFileType = sourcecode.swift; path = "NSBundle+Lang.swift"; sourceTree = "<group>"; };
		FC06B6971BEAB64C0016CB2D /* FontAwesomeLabel.swift */ = {isa = PBXFileReference; fileEncoding = 4; lastKnownFileType = sourcecode.swift; path = FontAwesomeLabel.swift; sourceTree = "<group>"; };
		FC06B6991BEABAA10016CB2D /* FontAwesomeButton.swift */ = {isa = PBXFileReference; fileEncoding = 4; lastKnownFileType = sourcecode.swift; path = FontAwesomeButton.swift; sourceTree = "<group>"; };
		FC06BCAE1BDCDC790001C973 /* NSDate+Compare.swift */ = {isa = PBXFileReference; fileEncoding = 4; lastKnownFileType = sourcecode.swift; path = "NSDate+Compare.swift"; sourceTree = "<group>"; };
		FC06BCB01BDCDDC20001C973 /* Array+RemoveObjects.swift */ = {isa = PBXFileReference; fileEncoding = 4; lastKnownFileType = sourcecode.swift; path = "Array+RemoveObjects.swift"; sourceTree = "<group>"; };
		FC06BCB51BDD02590001C973 /* Base */ = {isa = PBXFileReference; lastKnownFileType = text.plist.strings; name = Base; path = Base.lproj/Localizable.strings; sourceTree = "<group>"; };
		FC06BCB71BDD07490001C973 /* PFConfig+Defaults.swift */ = {isa = PBXFileReference; fileEncoding = 4; lastKnownFileType = sourcecode.swift; path = "PFConfig+Defaults.swift"; sourceTree = "<group>"; };
		FC0A1DE91BE14EF9005F4F67 /* ShareTemplate.xib */ = {isa = PBXFileReference; fileEncoding = 4; lastKnownFileType = file.xib; path = ShareTemplate.xib; sourceTree = "<group>"; };
		FC0A1DEB1BE151AD005F4F67 /* ShareTemplate.swift */ = {isa = PBXFileReference; fileEncoding = 4; lastKnownFileType = sourcecode.swift; path = ShareTemplate.swift; sourceTree = "<group>"; };
		FC0B15291BD8294000CD1D5F /* fontawesome-webfont.ttf */ = {isa = PBXFileReference; lastKnownFileType = file; path = "fontawesome-webfont.ttf"; sourceTree = "<group>"; };
		FC0B152D1BD830C200CD1D5F /* de */ = {isa = PBXFileReference; lastKnownFileType = text.plist.strings; name = de; path = de.lproj/Main.strings; sourceTree = "<group>"; };
		FC0B152E1BD830C200CD1D5F /* de */ = {isa = PBXFileReference; lastKnownFileType = text.plist.strings; name = de; path = de.lproj/LaunchScreen.strings; sourceTree = "<group>"; };
		FC0CEA451BD3B36E00E6DBAD /* SmartButton.swift */ = {isa = PBXFileReference; fileEncoding = 4; lastKnownFileType = sourcecode.swift; path = SmartButton.swift; sourceTree = "<group>"; };
		FC0CEA481BD3B49700E6DBAD /* NewFMLModel.swift */ = {isa = PBXFileReference; fileEncoding = 4; lastKnownFileType = sourcecode.swift; path = NewFMLModel.swift; sourceTree = "<group>"; };
		FC0CEA4A1BD3B69B00E6DBAD /* AuthorViewController.swift */ = {isa = PBXFileReference; fileEncoding = 4; lastKnownFileType = sourcecode.swift; path = AuthorViewController.swift; sourceTree = "<group>"; };
		FC0CEA4C1BD3B80700E6DBAD /* SelectCategoryViewController.swift */ = {isa = PBXFileReference; fileEncoding = 4; lastKnownFileType = sourcecode.swift; path = SelectCategoryViewController.swift; sourceTree = "<group>"; };
		FC0CEA4E1BD3BEFB00E6DBAD /* ConfirmPostViewController.swift */ = {isa = PBXFileReference; fileEncoding = 4; lastKnownFileType = sourcecode.swift; path = ConfirmPostViewController.swift; sourceTree = "<group>"; };
		FC0CEA501BD3BF9400E6DBAD /* String+Localized.swift */ = {isa = PBXFileReference; fileEncoding = 4; lastKnownFileType = sourcecode.swift; path = "String+Localized.swift"; sourceTree = "<group>"; };
		FC0CEA521BD3BFAF00E6DBAD /* UIAlertController+SimpleAlert.swift */ = {isa = PBXFileReference; fileEncoding = 4; lastKnownFileType = sourcecode.swift; path = "UIAlertController+SimpleAlert.swift"; sourceTree = "<group>"; };
		FC0CEA541BD3BFBB00E6DBAD /* String+Replacing.swift */ = {isa = PBXFileReference; fileEncoding = 4; lastKnownFileType = sourcecode.swift; path = "String+Replacing.swift"; sourceTree = "<group>"; };
		FC0D54B71BE2A1CE00990527 /* VoteButton.swift */ = {isa = PBXFileReference; fileEncoding = 4; lastKnownFileType = sourcecode.swift; path = VoteButton.swift; sourceTree = "<group>"; };
		FC0D54B91BE2A85800990527 /* UIColor+Default.swift */ = {isa = PBXFileReference; fileEncoding = 4; lastKnownFileType = sourcecode.swift; path = "UIColor+Default.swift"; sourceTree = "<group>"; };
		FC11BD5B1BD284BF0082F43C /* Constants.swift */ = {isa = PBXFileReference; fileEncoding = 4; lastKnownFileType = sourcecode.swift; path = Constants.swift; sourceTree = "<group>"; };
		FC11BD5D1BD291170082F43C /* ComposeViewController.swift */ = {isa = PBXFileReference; fileEncoding = 4; lastKnownFileType = sourcecode.swift; path = ComposeViewController.swift; sourceTree = "<group>"; };
		FC14C02F1BE95578009ACDC0 /* NSProcessInfo+Version.swift */ = {isa = PBXFileReference; fileEncoding = 4; lastKnownFileType = sourcecode.swift; path = "NSProcessInfo+Version.swift"; sourceTree = "<group>"; };
		FC1BB1E71BD3E88E00E24ED7 /* SelectCategoryCell.swift */ = {isa = PBXFileReference; fileEncoding = 4; lastKnownFileType = sourcecode.swift; path = SelectCategoryCell.swift; sourceTree = "<group>"; };
		FC1BB1E91BD3F9F300E24ED7 /* PostCell.swift */ = {isa = PBXFileReference; fileEncoding = 4; lastKnownFileType = sourcecode.swift; path = PostCell.swift; sourceTree = "<group>"; };
		FC1BB1EB1BD402E500E24ED7 /* CommentsViewController.swift */ = {isa = PBXFileReference; fileEncoding = 4; lastKnownFileType = sourcecode.swift; path = CommentsViewController.swift; sourceTree = "<group>"; };
		FC1BB1ED1BD40AB500E24ED7 /* CommentCell.swift */ = {isa = PBXFileReference; fileEncoding = 4; lastKnownFileType = sourcecode.swift; path = CommentCell.swift; sourceTree = "<group>"; };
		FC1BB1EF1BD40B8300E24ED7 /* CommentTableHeaderView.swift */ = {isa = PBXFileReference; fileEncoding = 4; lastKnownFileType = sourcecode.swift; path = CommentTableHeaderView.swift; sourceTree = "<group>"; };
		FC1BB1F11BD411AA00E24ED7 /* WriteCommentViewController.swift */ = {isa = PBXFileReference; fileEncoding = 4; lastKnownFileType = sourcecode.swift; path = WriteCommentViewController.swift; sourceTree = "<group>"; };
		FC5C1BBE1BD97DD600B4AAC0 /* DefaultsKeys.swift */ = {isa = PBXFileReference; fileEncoding = 4; lastKnownFileType = sourcecode.swift; path = DefaultsKeys.swift; sourceTree = "<group>"; };
		FC5C1BC01BD98BCD00B4AAC0 /* NSObject+Delay.swift */ = {isa = PBXFileReference; fileEncoding = 4; lastKnownFileType = sourcecode.swift; path = "NSObject+Delay.swift"; sourceTree = "<group>"; };
		FC78C9081BEC09E70055C89A /* InfoPlist.strings */ = {isa = PBXFileReference; fileEncoding = 4; lastKnownFileType = text.plist.strings; path = InfoPlist.strings; sourceTree = "<group>"; };
		FC78C90A1BEC0E0A0055C89A /* fml-Bridging-Header.h */ = {isa = PBXFileReference; lastKnownFileType = sourcecode.c.h; path = "fml-Bridging-Header.h"; sourceTree = "<group>"; };
/* End PBXFileReference section */

/* Begin PBXFrameworksBuildPhase section */
		FC0369F81BD27FF800F9AEAC /* Frameworks */ = {
			isa = PBXFrameworksBuildPhase;
			buildActionMask = 2147483647;
			files = (
				C9BE94670F6E9D222E3D5A3D /* Pods_fml.framework in Frameworks */,
			);
			runOnlyForDeploymentPostprocessing = 0;
		};
/* End PBXFrameworksBuildPhase section */

/* Begin PBXGroup section */
		C112428BAD99FC4256452BF5 /* Pods */ = {
			isa = PBXGroup;
			children = (
				882A5778799BA35E2586D726 /* Pods-fml.debug.xcconfig */,
				9F174AFE68E9CFAC9B1E9F06 /* Pods-fml.release.xcconfig */,
			);
			name = Pods;
			sourceTree = "<group>";
		};
		D62A82A4657CBF2F0207D9E2 /* Frameworks */ = {
			isa = PBXGroup;
			children = (
				8E09029F9084EBCD98B6CA20 /* Pods_fml.framework */,
			);
			name = Frameworks;
			sourceTree = "<group>";
		};
		FC0369F21BD27FF800F9AEAC = {
			isa = PBXGroup;
			children = (
				FC036A101BD2809300F9AEAC /* Podfile */,
				FC0369FD1BD27FF800F9AEAC /* fml */,
				FC0369FC1BD27FF800F9AEAC /* Products */,
				C112428BAD99FC4256452BF5 /* Pods */,
				D62A82A4657CBF2F0207D9E2 /* Frameworks */,
			);
			sourceTree = "<group>";
		};
		FC0369FC1BD27FF800F9AEAC /* Products */ = {
			isa = PBXGroup;
			children = (
				FC0369FB1BD27FF800F9AEAC /* fml.app */,
			);
			name = Products;
			sourceTree = "<group>";
		};
		FC0369FD1BD27FF800F9AEAC /* fml */ = {
			isa = PBXGroup;
			children = (
				FC0B15281BD8293300CD1D5F /* Resources */,
				FC0CEA471BD3B48800E6DBAD /* Models */,
				FC0CEA441BD3B36300E6DBAD /* View Subclasses */,
				FC11BD5A1BD284AB0082F43C /* Categories */,
				FC11BD591BD284890082F43C /* ViewControllers */,
				FC0369FE1BD27FF800F9AEAC /* AppDelegate.swift */,
				FC036A021BD27FF800F9AEAC /* Main.storyboard */,
				FC036A051BD27FF800F9AEAC /* Assets.xcassets */,
				FC036A071BD27FF800F9AEAC /* LaunchScreen.storyboard */,
				FC036A0A1BD27FF800F9AEAC /* Info.plist */,
				FC78C9081BEC09E70055C89A /* InfoPlist.strings */,
				FC06BCB61BDD02590001C973 /* Localizable.strings */,
				FC11BD5B1BD284BF0082F43C /* Constants.swift */,
				FC0A1DE91BE14EF9005F4F67 /* ShareTemplate.xib */,
				FC78C90A1BEC0E0A0055C89A /* fml-Bridging-Header.h */,
			);
			path = fml;
			sourceTree = "<group>";
		};
		FC0B15281BD8293300CD1D5F /* Resources */ = {
			isa = PBXGroup;
			children = (
				FC0B15291BD8294000CD1D5F /* fontawesome-webfont.ttf */,
			);
			name = Resources;
			sourceTree = "<group>";
		};
		FC0CEA441BD3B36300E6DBAD /* View Subclasses */ = {
			isa = PBXGroup;
			children = (
				FC0CEA451BD3B36E00E6DBAD /* SmartButton.swift */,
				FC1BB1E71BD3E88E00E24ED7 /* SelectCategoryCell.swift */,
				FC1BB1E91BD3F9F300E24ED7 /* PostCell.swift */,
				FC1BB1ED1BD40AB500E24ED7 /* CommentCell.swift */,
				FC1BB1EF1BD40B8300E24ED7 /* CommentTableHeaderView.swift */,
				FC0A1DEB1BE151AD005F4F67 /* ShareTemplate.swift */,
				FC0D54B71BE2A1CE00990527 /* VoteButton.swift */,
				FC06B6971BEAB64C0016CB2D /* FontAwesomeLabel.swift */,
				FC06B6991BEABAA10016CB2D /* FontAwesomeButton.swift */,
				FC022C611BED563100DA652A /* Label.swift */,
				FC022C631BED582200DA652A /* GrayLabel.swift */,
				FC022C651BED589D00DA652A /* GenderLabel.swift */,
				FC022C671BED592600DA652A /* ShareButton.swift */,
				FC022C691BED5E2800DA652A /* TextView.swift */,
				FC022C6B1BED63A500DA652A /* TextField.swift */,
				FC022C6D1BED63EB00DA652A /* SegmentedControl.swift */,
			);
			name = "View Subclasses";
			sourceTree = "<group>";
		};
		FC0CEA471BD3B48800E6DBAD /* Models */ = {
			isa = PBXGroup;
			children = (
				FC0CEA481BD3B49700E6DBAD /* NewFMLModel.swift */,
			);
			name = Models;
			sourceTree = "<group>";
		};
		FC11BD591BD284890082F43C /* ViewControllers */ = {
			isa = PBXGroup;
			children = (
				FC036A001BD27FF800F9AEAC /* ViewController.swift */,
				FC11BD5D1BD291170082F43C /* ComposeViewController.swift */,
				FC0CEA4A1BD3B69B00E6DBAD /* AuthorViewController.swift */,
				FC0CEA4C1BD3B80700E6DBAD /* SelectCategoryViewController.swift */,
				FC0CEA4E1BD3BEFB00E6DBAD /* ConfirmPostViewController.swift */,
				FC1BB1EB1BD402E500E24ED7 /* CommentsViewController.swift */,
				FC1BB1F11BD411AA00E24ED7 /* WriteCommentViewController.swift */,
			);
			name = ViewControllers;
			sourceTree = "<group>";
		};
		FC11BD5A1BD284AB0082F43C /* Categories */ = {
			isa = PBXGroup;
			children = (
				FC5C1BC01BD98BCD00B4AAC0 /* NSObject+Delay.swift */,
				FC0CEA541BD3BFBB00E6DBAD /* String+Replacing.swift */,
				FC0CEA521BD3BFAF00E6DBAD /* UIAlertController+SimpleAlert.swift */,
				FC0CEA501BD3BF9400E6DBAD /* String+Localized.swift */,
				FC5C1BBE1BD97DD600B4AAC0 /* DefaultsKeys.swift */,
				FC06BCAE1BDCDC790001C973 /* NSDate+Compare.swift */,
				FC06BCB01BDCDDC20001C973 /* Array+RemoveObjects.swift */,
				FC06BCB71BDD07490001C973 /* PFConfig+Defaults.swift */,
				FC0D54B91BE2A85800990527 /* UIColor+Default.swift */,
				FC03CEE61BE66484004CCFB7 /* NSBundle+Lang.swift */,
				FC14C02F1BE95578009ACDC0 /* NSProcessInfo+Version.swift */,
			);
			name = Categories;
			sourceTree = "<group>";
		};
/* End PBXGroup section */

/* Begin PBXNativeTarget section */
		FC0369FA1BD27FF800F9AEAC /* fml */ = {
			isa = PBXNativeTarget;
			buildConfigurationList = FC036A0D1BD27FF800F9AEAC /* Build configuration list for PBXNativeTarget "fml" */;
			buildPhases = (
				6B94C9F1213962B8590686C0 /* Check Pods Manifest.lock */,
				FC0369F71BD27FF800F9AEAC /* Sources */,
				FC0369F81BD27FF800F9AEAC /* Frameworks */,
				FC0369F91BD27FF800F9AEAC /* Resources */,
				DE29FADBEE7C2102F2A6544A /* Embed Pods Frameworks */,
				CFC932F6213F5EF2CAEECA47 /* Copy Pods Resources */,
			);
			buildRules = (
			);
			dependencies = (
			);
			name = fml;
			productName = fml;
			productReference = FC0369FB1BD27FF800F9AEAC /* fml.app */;
			productType = "com.apple.product-type.application";
		};
/* End PBXNativeTarget section */

/* Begin PBXProject section */
		FC0369F31BD27FF800F9AEAC /* Project object */ = {
			isa = PBXProject;
			attributes = {
				LastSwiftUpdateCheck = 0710;
				LastUpgradeCheck = 0700;
				ORGANIZATIONNAME = zeiteisens;
				TargetAttributes = {
					FC0369FA1BD27FF800F9AEAC = {
						CreatedOnToolsVersion = 7.0.1;
						DevelopmentTeam = 4J9U9M79Y8;
					};
				};
			};
			buildConfigurationList = FC0369F61BD27FF800F9AEAC /* Build configuration list for PBXProject "fml" */;
			compatibilityVersion = "Xcode 3.2";
			developmentRegion = English;
			hasScannedForEncodings = 0;
			knownRegions = (
				Base,
			);
			mainGroup = FC0369F21BD27FF800F9AEAC;
			productRefGroup = FC0369FC1BD27FF800F9AEAC /* Products */;
			projectDirPath = "";
			projectRoot = "";
			targets = (
				FC0369FA1BD27FF800F9AEAC /* fml */,
			);
		};
/* End PBXProject section */

/* Begin PBXResourcesBuildPhase section */
		FC0369F91BD27FF800F9AEAC /* Resources */ = {
			isa = PBXResourcesBuildPhase;
			buildActionMask = 2147483647;
			files = (
				FC06BCB41BDD02590001C973 /* Localizable.strings in Resources */,
				FC78C9091BEC09E70055C89A /* InfoPlist.strings in Resources */,
				FC036A091BD27FF800F9AEAC /* LaunchScreen.storyboard in Resources */,
				FC0B152A1BD8294000CD1D5F /* fontawesome-webfont.ttf in Resources */,
				FC036A061BD27FF800F9AEAC /* Assets.xcassets in Resources */,
				FC036A041BD27FF800F9AEAC /* Main.storyboard in Resources */,
				FC0A1DEA1BE14EF9005F4F67 /* ShareTemplate.xib in Resources */,
			);
			runOnlyForDeploymentPostprocessing = 0;
		};
/* End PBXResourcesBuildPhase section */

/* Begin PBXShellScriptBuildPhase section */
		6B94C9F1213962B8590686C0 /* Check Pods Manifest.lock */ = {
			isa = PBXShellScriptBuildPhase;
			buildActionMask = 2147483647;
			files = (
			);
			inputPaths = (
			);
			name = "Check Pods Manifest.lock";
			outputPaths = (
			);
			runOnlyForDeploymentPostprocessing = 0;
			shellPath = /bin/sh;
			shellScript = "diff \"${PODS_ROOT}/../Podfile.lock\" \"${PODS_ROOT}/Manifest.lock\" > /dev/null\nif [[ $? != 0 ]] ; then\n    cat << EOM\nerror: The sandbox is not in sync with the Podfile.lock. Run 'pod install' or update your CocoaPods installation.\nEOM\n    exit 1\nfi\n";
			showEnvVarsInLog = 0;
		};
		CFC932F6213F5EF2CAEECA47 /* Copy Pods Resources */ = {
			isa = PBXShellScriptBuildPhase;
			buildActionMask = 2147483647;
			files = (
			);
			inputPaths = (
			);
			name = "Copy Pods Resources";
			outputPaths = (
			);
			runOnlyForDeploymentPostprocessing = 0;
			shellPath = /bin/sh;
			shellScript = "\"${SRCROOT}/Pods/Target Support Files/Pods-fml/Pods-fml-resources.sh\"\n";
			showEnvVarsInLog = 0;
		};
		DE29FADBEE7C2102F2A6544A /* Embed Pods Frameworks */ = {
			isa = PBXShellScriptBuildPhase;
			buildActionMask = 2147483647;
			files = (
			);
			inputPaths = (
			);
			name = "Embed Pods Frameworks";
			outputPaths = (
			);
			runOnlyForDeploymentPostprocessing = 0;
			shellPath = /bin/sh;
			shellScript = "\"${SRCROOT}/Pods/Target Support Files/Pods-fml/Pods-fml-frameworks.sh\"\n";
			showEnvVarsInLog = 0;
		};
/* End PBXShellScriptBuildPhase section */

/* Begin PBXSourcesBuildPhase section */
		FC0369F71BD27FF800F9AEAC /* Sources */ = {
			isa = PBXSourcesBuildPhase;
			buildActionMask = 2147483647;
			files = (
				FC06BCAF1BDCDC790001C973 /* NSDate+Compare.swift in Sources */,
				FC0CEA551BD3BFBB00E6DBAD /* String+Replacing.swift in Sources */,
				FC0CEA461BD3B36E00E6DBAD /* SmartButton.swift in Sources */,
				FC1BB1E81BD3E88E00E24ED7 /* SelectCategoryCell.swift in Sources */,
				FC022C6E1BED63EB00DA652A /* SegmentedControl.swift in Sources */,
				FC1BB1F01BD40B8300E24ED7 /* CommentTableHeaderView.swift in Sources */,
				FC0A1DEC1BE151AD005F4F67 /* ShareTemplate.swift in Sources */,
				FC1BB1F21BD411AA00E24ED7 /* WriteCommentViewController.swift in Sources */,
				FC5C1BC11BD98BCD00B4AAC0 /* NSObject+Delay.swift in Sources */,
				FC036A011BD27FF800F9AEAC /* ViewController.swift in Sources */,
				FC0CEA4D1BD3B80700E6DBAD /* SelectCategoryViewController.swift in Sources */,
				FC0CEA491BD3B49700E6DBAD /* NewFMLModel.swift in Sources */,
				FC022C681BED592600DA652A /* ShareButton.swift in Sources */,
				FC022C661BED589D00DA652A /* GenderLabel.swift in Sources */,
				FC0CEA511BD3BF9400E6DBAD /* String+Localized.swift in Sources */,
				FC1BB1EA1BD3F9F300E24ED7 /* PostCell.swift in Sources */,
				FC022C6C1BED63A500DA652A /* TextField.swift in Sources */,
				FC1BB1EC1BD402E500E24ED7 /* CommentsViewController.swift in Sources */,
				FC0369FF1BD27FF800F9AEAC /* AppDelegate.swift in Sources */,
				FC06BCB11BDCDDC20001C973 /* Array+RemoveObjects.swift in Sources */,
				FC0CEA4F1BD3BEFB00E6DBAD /* ConfirmPostViewController.swift in Sources */,
				FC022C621BED563100DA652A /* Label.swift in Sources */,
				FC0CEA4B1BD3B69B00E6DBAD /* AuthorViewController.swift in Sources */,
				FC0D54B81BE2A1CE00990527 /* VoteButton.swift in Sources */,
				FC03CEE71BE66484004CCFB7 /* NSBundle+Lang.swift in Sources */,
				FC5C1BBF1BD97DD600B4AAC0 /* DefaultsKeys.swift in Sources */,
				FC022C6A1BED5E2800DA652A /* TextView.swift in Sources */,
				FC0CEA531BD3BFAF00E6DBAD /* UIAlertController+SimpleAlert.swift in Sources */,
				FC0D54BA1BE2A85800990527 /* UIColor+Default.swift in Sources */,
				FC14C0301BE95578009ACDC0 /* NSProcessInfo+Version.swift in Sources */,
				FC06B69A1BEABAA10016CB2D /* FontAwesomeButton.swift in Sources */,
				FC06B6981BEAB64C0016CB2D /* FontAwesomeLabel.swift in Sources */,
				FC11BD5C1BD284BF0082F43C /* Constants.swift in Sources */,
				FC11BD5E1BD291170082F43C /* ComposeViewController.swift in Sources */,
				FC022C641BED582200DA652A /* GrayLabel.swift in Sources */,
				FC06BCB81BDD07490001C973 /* PFConfig+Defaults.swift in Sources */,
				FC1BB1EE1BD40AB500E24ED7 /* CommentCell.swift in Sources */,
			);
			runOnlyForDeploymentPostprocessing = 0;
		};
/* End PBXSourcesBuildPhase section */

/* Begin PBXVariantGroup section */
		FC036A021BD27FF800F9AEAC /* Main.storyboard */ = {
			isa = PBXVariantGroup;
			children = (
				FC036A031BD27FF800F9AEAC /* Base */,
				FC0B152D1BD830C200CD1D5F /* de */,
			);
			name = Main.storyboard;
			sourceTree = "<group>";
		};
		FC036A071BD27FF800F9AEAC /* LaunchScreen.storyboard */ = {
			isa = PBXVariantGroup;
			children = (
				FC036A081BD27FF800F9AEAC /* Base */,
				FC0B152E1BD830C200CD1D5F /* de */,
			);
			name = LaunchScreen.storyboard;
			sourceTree = "<group>";
		};
		FC06BCB61BDD02590001C973 /* Localizable.strings */ = {
			isa = PBXVariantGroup;
			children = (
				FC06BCB51BDD02590001C973 /* Base */,
			);
			name = Localizable.strings;
			sourceTree = "<group>";
		};
/* End PBXVariantGroup section */

/* Begin XCBuildConfiguration section */
		FC036A0B1BD27FF800F9AEAC /* Debug */ = {
			isa = XCBuildConfiguration;
			buildSettings = {
				ALWAYS_SEARCH_USER_PATHS = NO;
				CLANG_CXX_LANGUAGE_STANDARD = "gnu++0x";
				CLANG_CXX_LIBRARY = "libc++";
				CLANG_ENABLE_MODULES = YES;
				CLANG_ENABLE_OBJC_ARC = YES;
				CLANG_WARN_BOOL_CONVERSION = YES;
				CLANG_WARN_CONSTANT_CONVERSION = YES;
				CLANG_WARN_DIRECT_OBJC_ISA_USAGE = YES_ERROR;
				CLANG_WARN_EMPTY_BODY = YES;
				CLANG_WARN_ENUM_CONVERSION = YES;
				CLANG_WARN_INT_CONVERSION = YES;
				CLANG_WARN_OBJC_ROOT_CLASS = YES_ERROR;
				CLANG_WARN_UNREACHABLE_CODE = YES;
				CLANG_WARN__DUPLICATE_METHOD_MATCH = YES;
				"CODE_SIGN_IDENTITY[sdk=iphoneos*]" = "iPhone Developer";
				COPY_PHASE_STRIP = NO;
				DEBUG_INFORMATION_FORMAT = dwarf;
				ENABLE_STRICT_OBJC_MSGSEND = YES;
				ENABLE_TESTABILITY = YES;
				GCC_C_LANGUAGE_STANDARD = gnu99;
				GCC_DYNAMIC_NO_PIC = NO;
				GCC_NO_COMMON_BLOCKS = YES;
				GCC_OPTIMIZATION_LEVEL = 0;
				GCC_PREPROCESSOR_DEFINITIONS = (
					"DEBUG=1",
					"$(inherited)",
				);
				GCC_WARN_64_TO_32_BIT_CONVERSION = YES;
				GCC_WARN_ABOUT_RETURN_TYPE = YES_ERROR;
				GCC_WARN_UNDECLARED_SELECTOR = YES;
				GCC_WARN_UNINITIALIZED_AUTOS = YES_AGGRESSIVE;
				GCC_WARN_UNUSED_FUNCTION = YES;
				GCC_WARN_UNUSED_VARIABLE = YES;
				IPHONEOS_DEPLOYMENT_TARGET = 9.0;
				MTL_ENABLE_DEBUG_INFO = YES;
				ONLY_ACTIVE_ARCH = YES;
				SDKROOT = iphoneos;
				SWIFT_OPTIMIZATION_LEVEL = "-Onone";
				TARGETED_DEVICE_FAMILY = "1,2";
			};
			name = Debug;
		};
		FC036A0C1BD27FF800F9AEAC /* Release */ = {
			isa = XCBuildConfiguration;
			buildSettings = {
				ALWAYS_SEARCH_USER_PATHS = NO;
				CLANG_CXX_LANGUAGE_STANDARD = "gnu++0x";
				CLANG_CXX_LIBRARY = "libc++";
				CLANG_ENABLE_MODULES = YES;
				CLANG_ENABLE_OBJC_ARC = YES;
				CLANG_WARN_BOOL_CONVERSION = YES;
				CLANG_WARN_CONSTANT_CONVERSION = YES;
				CLANG_WARN_DIRECT_OBJC_ISA_USAGE = YES_ERROR;
				CLANG_WARN_EMPTY_BODY = YES;
				CLANG_WARN_ENUM_CONVERSION = YES;
				CLANG_WARN_INT_CONVERSION = YES;
				CLANG_WARN_OBJC_ROOT_CLASS = YES_ERROR;
				CLANG_WARN_UNREACHABLE_CODE = YES;
				CLANG_WARN__DUPLICATE_METHOD_MATCH = YES;
				"CODE_SIGN_IDENTITY[sdk=iphoneos*]" = "iPhone Developer";
				COPY_PHASE_STRIP = NO;
				DEBUG_INFORMATION_FORMAT = "dwarf-with-dsym";
				ENABLE_NS_ASSERTIONS = NO;
				ENABLE_STRICT_OBJC_MSGSEND = YES;
				GCC_C_LANGUAGE_STANDARD = gnu99;
				GCC_NO_COMMON_BLOCKS = YES;
				GCC_WARN_64_TO_32_BIT_CONVERSION = YES;
				GCC_WARN_ABOUT_RETURN_TYPE = YES_ERROR;
				GCC_WARN_UNDECLARED_SELECTOR = YES;
				GCC_WARN_UNINITIALIZED_AUTOS = YES_AGGRESSIVE;
				GCC_WARN_UNUSED_FUNCTION = YES;
				GCC_WARN_UNUSED_VARIABLE = YES;
				IPHONEOS_DEPLOYMENT_TARGET = 9.0;
				MTL_ENABLE_DEBUG_INFO = NO;
				SDKROOT = iphoneos;
				TARGETED_DEVICE_FAMILY = "1,2";
				VALIDATE_PRODUCT = YES;
			};
			name = Release;
		};
		FC036A0E1BD27FF800F9AEAC /* Debug */ = {
			isa = XCBuildConfiguration;
			baseConfigurationReference = 882A5778799BA35E2586D726 /* Pods-fml.debug.xcconfig */;
			buildSettings = {
				ASSETCATALOG_COMPILER_APPICON_NAME = AppIcon;
				CLANG_ENABLE_MODULES = YES;
				CODE_SIGN_IDENTITY = "iPhone Developer";
				INFOPLIST_FILE = fml/Info.plist;
				IPHONEOS_DEPLOYMENT_TARGET = 8.0;
				LD_RUNPATH_SEARCH_PATHS = "$(inherited) @executable_path/Frameworks";
				OTHER_SWIFT_FLAGS = "$(inherited) \"-D\" \"COCOAPODS\" -D DEBUG";
				PRODUCT_BUNDLE_IDENTIFIER = de.zeiteisens.fml;
				PRODUCT_NAME = "$(TARGET_NAME)";
				PROVISIONING_PROFILE = "";
				SWIFT_OBJC_BRIDGING_HEADER = "fml/fml-Bridging-Header.h";
				SWIFT_OPTIMIZATION_LEVEL = "-Onone";
			};
			name = Debug;
		};
		FC036A0F1BD27FF800F9AEAC /* Release */ = {
			isa = XCBuildConfiguration;
			baseConfigurationReference = 9F174AFE68E9CFAC9B1E9F06 /* Pods-fml.release.xcconfig */;
			buildSettings = {
				ASSETCATALOG_COMPILER_APPICON_NAME = AppIcon;
				CLANG_ENABLE_MODULES = YES;
				CODE_SIGN_IDENTITY = "iPhone Developer";
				"CODE_SIGN_IDENTITY[sdk=iphoneos*]" = "iPhone Distribution: Hanno Bruns (4J9U9M79Y8)";
				INFOPLIST_FILE = fml/Info.plist;
				IPHONEOS_DEPLOYMENT_TARGET = 8.0;
				LD_RUNPATH_SEARCH_PATHS = "$(inherited) @executable_path/Frameworks";
				PRODUCT_BUNDLE_IDENTIFIER = de.zeiteisens.fml;
				PRODUCT_NAME = "$(TARGET_NAME)";
				PROVISIONING_PROFILE = "7971834a-12a4-4fc6-808b-f8e0b7c29ace";
				SWIFT_OBJC_BRIDGING_HEADER = "fml/fml-Bridging-Header.h";
			};
			name = Release;
		};
/* End XCBuildConfiguration section */

/* Begin XCConfigurationList section */
		FC0369F61BD27FF800F9AEAC /* Build configuration list for PBXProject "fml" */ = {
			isa = XCConfigurationList;
			buildConfigurations = (
				FC036A0B1BD27FF800F9AEAC /* Debug */,
				FC036A0C1BD27FF800F9AEAC /* Release */,
			);
			defaultConfigurationIsVisible = 0;
			defaultConfigurationName = Release;
		};
		FC036A0D1BD27FF800F9AEAC /* Build configuration list for PBXNativeTarget "fml" */ = {
			isa = XCConfigurationList;
			buildConfigurations = (
				FC036A0E1BD27FF800F9AEAC /* Debug */,
				FC036A0F1BD27FF800F9AEAC /* Release */,
			);
			defaultConfigurationIsVisible = 0;
			defaultConfigurationName = Release;
		};
/* End XCConfigurationList section */
	};
	rootObject = FC0369F31BD27FF800F9AEAC /* Project object */;
}
